
Microsoft Visual Studio Solution File, Format Version 12.00
# Visual Studio Version 17
VisualStudioVersion = 17.8.34525.116
MinimumVisualStudioVersion = 10.0.40219.1
Project("{FAE04EC0-301F-11D3-BF4B-00C04F79EFBC}") = "APISiniestrosBomberos", "APISiniestrosBomberos\APISiniestrosBomberos.csproj", "{EBB49CB2-6D5D-4D15-9E5F-99E46CD94DB6}"
EndProject
Global
	GlobalSection(SolutionConfigurationPlatforms) = preSolution
		Debug|Any CPU = Debug|Any CPU
		Release|Any CPU = Release|Any CPU
	EndGlobalSection
	GlobalSection(ProjectConfigurationPlatforms) = postSolution
		{EBB49CB2-6D5D-4D15-9E5F-99E46CD94DB6}.Debug|Any CPU.ActiveCfg = Debug|Any CPU
		{EBB49CB2-6D5D-4D15-9E5F-99E46CD94DB6}.Debug|Any CPU.Build.0 = Debug|Any CPU
		{EBB49CB2-6D5D-4D15-9E5F-99E46CD94DB6}.Release|Any CPU.ActiveCfg = Release|Any CPU
		{EBB49CB2-6D5D-4D15-9E5F-99E46CD94DB6}.Release|Any CPU.Build.0 = Release|Any CPU
	EndGlobalSection
	GlobalSection(SolutionProperties) = preSolution
		HideSolutionNode = FALSE
	EndGlobalSection
	GlobalSection(ExtensibilityGlobals) = postSolution
		SolutionGuid = {A61E5716-5CFA-469D-8AF0-9EA7C97C09DD}
	EndGlobalSection
EndGlobal
